
Microsoft Visual Studio Solution File, Format Version 12.00
# Visual Studio 2012
Project("{FAE04EC0-301F-11D3-BF4B-00C04F79EFBC}") = "Puertos", "Puertos\Puertos.csproj", "{1211FD46-4732-4F1B-AA3D-A84654191089}"
EndProject
Project("{FAE04EC0-301F-11D3-BF4B-00C04F79EFBC}") = "Puertos.Model", "Puertos.Model\Puertos.Model.csproj", "{2F8F40BD-6688-4E47-9D7C-C531135EA109}"
EndProject
Global
	GlobalSection(SolutionConfigurationPlatforms) = preSolution
		Debug|Any CPU = Debug|Any CPU
		Release|Any CPU = Release|Any CPU
	EndGlobalSection
	GlobalSection(ProjectConfigurationPlatforms) = postSolution
		{1211FD46-4732-4F1B-AA3D-A84654191089}.Debug|Any CPU.ActiveCfg = Debug|Any CPU
		{1211FD46-4732-4F1B-AA3D-A84654191089}.Debug|Any CPU.Build.0 = Debug|Any CPU
		{1211FD46-4732-4F1B-AA3D-A84654191089}.Release|Any CPU.ActiveCfg = Release|Any CPU
		{1211FD46-4732-4F1B-AA3D-A84654191089}.Release|Any CPU.Build.0 = Release|Any CPU
		{2F8F40BD-6688-4E47-9D7C-C531135EA109}.Debug|Any CPU.ActiveCfg = Debug|Any CPU
		{2F8F40BD-6688-4E47-9D7C-C531135EA109}.Debug|Any CPU.Build.0 = Debug|Any CPU
		{2F8F40BD-6688-4E47-9D7C-C531135EA109}.Release|Any CPU.ActiveCfg = Release|Any CPU
		{2F8F40BD-6688-4E47-9D7C-C531135EA109}.Release|Any CPU.Build.0 = Release|Any CPU
	EndGlobalSection
	GlobalSection(SolutionProperties) = preSolution
		HideSolutionNode = FALSE
	EndGlobalSection
EndGlobal
